
Microsoft Visual Studio Solution File, Format Version 12.00
Project("{FAE04EC0-301F-11D3-BF4B-00C04F79EFBC}") = "WebApplication2", "WebApplication2\WebApplication2.csproj", "{FB568A3A-2507-4821-88A2-2F5E33B37BB6}"
EndProject
Project("{FAE04EC0-301F-11D3-BF4B-00C04F79EFBC}") = "ApplicationLayer", "ApplicationLayer\ApplicationLayer.csproj", "{C8FE000B-E1F4-43ED-8B39-9E8BBC03D214}"
EndProject
Project("{FAE04EC0-301F-11D3-BF4B-00C04F79EFBC}") = "DomainLayer", "DomainLayer\DomainLayer.csproj", "{9736F362-D3B4-400B-B09B-60D9BDAC9F07}"
EndProject
Project("{FAE04EC0-301F-11D3-BF4B-00C04F79EFBC}") = "InfrastructureLayer", "InfrastructureLayer\InfrastructureLayer.csproj", "{ADB298CE-6FD2-4537-B531-AA0D0DD01BE9}"
EndProject
Global
	GlobalSection(SolutionConfigurationPlatforms) = preSolution
		Debug|Any CPU = Debug|Any CPU
		Release|Any CPU = Release|Any CPU
	EndGlobalSection
	GlobalSection(ProjectConfigurationPlatforms) = postSolution
		{FB568A3A-2507-4821-88A2-2F5E33B37BB6}.Debug|Any CPU.ActiveCfg = Debug|Any CPU
		{FB568A3A-2507-4821-88A2-2F5E33B37BB6}.Debug|Any CPU.Build.0 = Debug|Any CPU
		{FB568A3A-2507-4821-88A2-2F5E33B37BB6}.Release|Any CPU.ActiveCfg = Release|Any CPU
		{FB568A3A-2507-4821-88A2-2F5E33B37BB6}.Release|Any CPU.Build.0 = Release|Any CPU
		{C8FE000B-E1F4-43ED-8B39-9E8BBC03D214}.Debug|Any CPU.ActiveCfg = Debug|Any CPU
		{C8FE000B-E1F4-43ED-8B39-9E8BBC03D214}.Debug|Any CPU.Build.0 = Debug|Any CPU
		{C8FE000B-E1F4-43ED-8B39-9E8BBC03D214}.Release|Any CPU.ActiveCfg = Release|Any CPU
		{C8FE000B-E1F4-43ED-8B39-9E8BBC03D214}.Release|Any CPU.Build.0 = Release|Any CPU
		{9736F362-D3B4-400B-B09B-60D9BDAC9F07}.Debug|Any CPU.ActiveCfg = Debug|Any CPU
		{9736F362-D3B4-400B-B09B-60D9BDAC9F07}.Debug|Any CPU.Build.0 = Debug|Any CPU
		{9736F362-D3B4-400B-B09B-60D9BDAC9F07}.Release|Any CPU.ActiveCfg = Release|Any CPU
		{9736F362-D3B4-400B-B09B-60D9BDAC9F07}.Release|Any CPU.Build.0 = Release|Any CPU
		{ADB298CE-6FD2-4537-B531-AA0D0DD01BE9}.Debug|Any CPU.ActiveCfg = Debug|Any CPU
		{ADB298CE-6FD2-4537-B531-AA0D0DD01BE9}.Debug|Any CPU.Build.0 = Debug|Any CPU
		{ADB298CE-6FD2-4537-B531-AA0D0DD01BE9}.Release|Any CPU.ActiveCfg = Release|Any CPU
		{ADB298CE-6FD2-4537-B531-AA0D0DD01BE9}.Release|Any CPU.Build.0 = Release|Any CPU
	EndGlobalSection
EndGlobal
